// !$*UTF8*$!
{
	archiveVersion = 1;
	classes = {
	};
	objectVersion = 55;
	objects = {

/* Begin PBXBuildFile section */
		09E6E1C029511BB8005827A6 /* AppDelegate.swift in Sources */ = {isa = PBXBuildFile; fileRef = 09E6E1BF29511BB8005827A6 /* AppDelegate.swift */; };
		09E6E1C229511BB8005827A6 /* SceneDelegate.swift in Sources */ = {isa = PBXBuildFile; fileRef = 09E6E1C129511BB8005827A6 /* SceneDelegate.swift */; };
		09E6E1C429511BB8005827A6 /* FirstViewController.swift in Sources */ = {isa = PBXBuildFile; fileRef = 09E6E1C329511BB8005827A6 /* FirstViewController.swift */; };
		09E6E1C929511BB9005827A6 /* Assets.xcassets in Resources */ = {isa = PBXBuildFile; fileRef = 09E6E1C829511BB9005827A6 /* Assets.xcassets */; };
		09E6E1CC29511BB9005827A6 /* LaunchScreen.storyboard in Resources */ = {isa = PBXBuildFile; fileRef = 09E6E1CA29511BB9005827A6 /* LaunchScreen.storyboard */; };
		09E6E1D429511C33005827A6 /* Coordinator.swift in Sources */ = {isa = PBXBuildFile; fileRef = 09E6E1D329511C33005827A6 /* Coordinator.swift */; };
		09E6E1D929511D4F005827A6 /* SecondViewController.storyboard in Resources */ = {isa = PBXBuildFile; fileRef = 09E6E1D829511D4F005827A6 /* SecondViewController.storyboard */; };
		09E6E1DB29511D66005827A6 /* SecondViewController.swift in Sources */ = {isa = PBXBuildFile; fileRef = 09E6E1DA29511D66005827A6 /* SecondViewController.swift */; };
		09E6E1DD29511D84005827A6 /* FirstViewController.storyboard in Resources */ = {isa = PBXBuildFile; fileRef = 09E6E1DC29511D84005827A6 /* FirstViewController.storyboard */; };
		09E6E1E029512068005827A6 /* ViewController.swift in Sources */ = {isa = PBXBuildFile; fileRef = 09E6E1DF29512068005827A6 /* ViewController.swift */; };
		09E6E1E42966BF91005827A6 /* LoginViewController.storyboard in Resources */ = {isa = PBXBuildFile; fileRef = 09E6E1E32966BF91005827A6 /* LoginViewController.storyboard */; };
		09E6E1E62966BFA2005827A6 /* LoginViewController.swift in Sources */ = {isa = PBXBuildFile; fileRef = 09E6E1E52966BFA2005827A6 /* LoginViewController.swift */; };
		09E6E1EC2981CB16005827A6 /* String.swift in Sources */ = {isa = PBXBuildFile; fileRef = 09E6E1EB2981CB16005827A6 /* String.swift */; };
		09E6E1F02981CCD3005827A6 /* HomeViewController.storyboard in Resources */ = {isa = PBXBuildFile; fileRef = 09E6E1EF2981CCD3005827A6 /* HomeViewController.storyboard */; };
		09E6E1F22981CCE2005827A6 /* HomeViewController.swift in Sources */ = {isa = PBXBuildFile; fileRef = 09E6E1F12981CCE2005827A6 /* HomeViewController.swift */; };
		09E6E1F42981CD25005827A6 /* FoodDetailViewController.swift in Sources */ = {isa = PBXBuildFile; fileRef = 09E6E1F32981CD25005827A6 /* FoodDetailViewController.swift */; };
		09E6E1F62981CD43005827A6 /* FoodDetailViewController.storyboard in Resources */ = {isa = PBXBuildFile; fileRef = 09E6E1F52981CD43005827A6 /* FoodDetailViewController.storyboard */; };
		3BAD300C298808AB00B3C078 /* CategoryCollectionViewCell.swift in Sources */ = {isa = PBXBuildFile; fileRef = 3BAD300B298808AB00B3C078 /* CategoryCollectionViewCell.swift */; };
		3BAD300E2988110900B3C078 /* Category.swift in Sources */ = {isa = PBXBuildFile; fileRef = 3BAD300D2988110900B3C078 /* Category.swift */; };
		3BC8206A2975BB6300AA77DA /* RegisterViewController.swift in Sources */ = {isa = PBXBuildFile; fileRef = 3BC820682975BB6300AA77DA /* RegisterViewController.swift */; };
		3BC8206B2975BB6300AA77DA /* RegisterViewController.storyboard in Resources */ = {isa = PBXBuildFile; fileRef = 3BC820692975BB6300AA77DA /* RegisterViewController.storyboard */; };
		4D61E69D0C447F856BDD469D /* Pods_Foody.framework in Frameworks */ = {isa = PBXBuildFile; fileRef = BBB5AB84A874DFEF54A34C65 /* Pods_Foody.framework */; };
		712981A92966F6A1001DF165 /* GoogleService-Info.plist in Resources */ = {isa = PBXBuildFile; fileRef = 712981A82966F6A1001DF165 /* GoogleService-Info.plist */; };
/* End PBXBuildFile section */

/* Begin PBXFileReference section */
		082F529A1FCB4C037FE66C73 /* Pods-Foody.debug.xcconfig */ = {isa = PBXFileReference; includeInIndex = 1; lastKnownFileType = text.xcconfig; name = "Pods-Foody.debug.xcconfig"; path = "Target Support Files/Pods-Foody/Pods-Foody.debug.xcconfig"; sourceTree = "<group>"; };
		09E6E1BC29511BB8005827A6 /* Foody.app */ = {isa = PBXFileReference; explicitFileType = wrapper.application; includeInIndex = 0; path = Foody.app; sourceTree = BUILT_PRODUCTS_DIR; };
		09E6E1BF29511BB8005827A6 /* AppDelegate.swift */ = {isa = PBXFileReference; lastKnownFileType = sourcecode.swift; path = AppDelegate.swift; sourceTree = "<group>"; };
		09E6E1C129511BB8005827A6 /* SceneDelegate.swift */ = {isa = PBXFileReference; lastKnownFileType = sourcecode.swift; path = SceneDelegate.swift; sourceTree = "<group>"; };
		09E6E1C329511BB8005827A6 /* FirstViewController.swift */ = {isa = PBXFileReference; lastKnownFileType = sourcecode.swift; path = FirstViewController.swift; sourceTree = "<group>"; };
		09E6E1C829511BB9005827A6 /* Assets.xcassets */ = {isa = PBXFileReference; lastKnownFileType = folder.assetcatalog; path = Assets.xcassets; sourceTree = "<group>"; };
		09E6E1CB29511BB9005827A6 /* Base */ = {isa = PBXFileReference; lastKnownFileType = file.storyboard; name = Base; path = Base.lproj/LaunchScreen.storyboard; sourceTree = "<group>"; };
		09E6E1CD29511BB9005827A6 /* Info.plist */ = {isa = PBXFileReference; lastKnownFileType = text.plist.xml; path = Info.plist; sourceTree = "<group>"; };
		09E6E1D329511C33005827A6 /* Coordinator.swift */ = {isa = PBXFileReference; lastKnownFileType = sourcecode.swift; path = Coordinator.swift; sourceTree = "<group>"; };
		09E6E1D829511D4F005827A6 /* SecondViewController.storyboard */ = {isa = PBXFileReference; lastKnownFileType = file.storyboard; path = SecondViewController.storyboard; sourceTree = "<group>"; };
		09E6E1DA29511D66005827A6 /* SecondViewController.swift */ = {isa = PBXFileReference; lastKnownFileType = sourcecode.swift; path = SecondViewController.swift; sourceTree = "<group>"; };
		09E6E1DC29511D84005827A6 /* FirstViewController.storyboard */ = {isa = PBXFileReference; lastKnownFileType = file.storyboard; path = FirstViewController.storyboard; sourceTree = "<group>"; };
		09E6E1DF29512068005827A6 /* ViewController.swift */ = {isa = PBXFileReference; lastKnownFileType = sourcecode.swift; path = ViewController.swift; sourceTree = "<group>"; };
		09E6E1E32966BF91005827A6 /* LoginViewController.storyboard */ = {isa = PBXFileReference; lastKnownFileType = file.storyboard; path = LoginViewController.storyboard; sourceTree = "<group>"; };
		09E6E1E52966BFA2005827A6 /* LoginViewController.swift */ = {isa = PBXFileReference; lastKnownFileType = sourcecode.swift; path = LoginViewController.swift; sourceTree = "<group>"; };
		09E6E1EB2981CB16005827A6 /* String.swift */ = {isa = PBXFileReference; lastKnownFileType = sourcecode.swift; path = String.swift; sourceTree = "<group>"; };
		09E6E1EF2981CCD3005827A6 /* HomeViewController.storyboard */ = {isa = PBXFileReference; lastKnownFileType = file.storyboard; path = HomeViewController.storyboard; sourceTree = "<group>"; };
		09E6E1F12981CCE2005827A6 /* HomeViewController.swift */ = {isa = PBXFileReference; lastKnownFileType = sourcecode.swift; path = HomeViewController.swift; sourceTree = "<group>"; };
		09E6E1F32981CD25005827A6 /* FoodDetailViewController.swift */ = {isa = PBXFileReference; lastKnownFileType = sourcecode.swift; path = FoodDetailViewController.swift; sourceTree = "<group>"; };
		09E6E1F52981CD43005827A6 /* FoodDetailViewController.storyboard */ = {isa = PBXFileReference; lastKnownFileType = file.storyboard; path = FoodDetailViewController.storyboard; sourceTree = "<group>"; };
		3BAD300B298808AB00B3C078 /* CategoryCollectionViewCell.swift */ = {isa = PBXFileReference; lastKnownFileType = sourcecode.swift; path = CategoryCollectionViewCell.swift; sourceTree = "<group>"; };
		3BAD300D2988110900B3C078 /* Category.swift */ = {isa = PBXFileReference; lastKnownFileType = sourcecode.swift; path = Category.swift; sourceTree = "<group>"; };
		3BC820682975BB6300AA77DA /* RegisterViewController.swift */ = {isa = PBXFileReference; fileEncoding = 4; lastKnownFileType = sourcecode.swift; path = RegisterViewController.swift; sourceTree = "<group>"; };
		3BC820692975BB6300AA77DA /* RegisterViewController.storyboard */ = {isa = PBXFileReference; fileEncoding = 4; lastKnownFileType = file.storyboard; path = RegisterViewController.storyboard; sourceTree = "<group>"; };
		712981A82966F6A1001DF165 /* GoogleService-Info.plist */ = {isa = PBXFileReference; fileEncoding = 4; lastKnownFileType = text.plist.xml; path = "GoogleService-Info.plist"; sourceTree = "<group>"; };
		B8651E8E463FB7B7FB5E5F5E /* Pods-Foody.release.xcconfig */ = {isa = PBXFileReference; includeInIndex = 1; lastKnownFileType = text.xcconfig; name = "Pods-Foody.release.xcconfig"; path = "Target Support Files/Pods-Foody/Pods-Foody.release.xcconfig"; sourceTree = "<group>"; };
		BBB5AB84A874DFEF54A34C65 /* Pods_Foody.framework */ = {isa = PBXFileReference; explicitFileType = wrapper.framework; includeInIndex = 0; path = Pods_Foody.framework; sourceTree = BUILT_PRODUCTS_DIR; };
/* End PBXFileReference section */

/* Begin PBXFrameworksBuildPhase section */
		09E6E1B929511BB8005827A6 /* Frameworks */ = {
			isa = PBXFrameworksBuildPhase;
			buildActionMask = 2147483647;
			files = (
				4D61E69D0C447F856BDD469D /* Pods_Foody.framework in Frameworks */,
			);
			runOnlyForDeploymentPostprocessing = 0;
		};
/* End PBXFrameworksBuildPhase section */

/* Begin PBXGroup section */
		09E6E1B329511BB8005827A6 = {
			isa = PBXGroup;
			children = (
				09E6E1BE29511BB8005827A6 /* Foody */,
				09E6E1BD29511BB8005827A6 /* Products */,
				28FCE982D4B41659FF2326D6 /* Pods */,
				637B143FB2FEA3B01339B408 /* Frameworks */,
			);
			sourceTree = "<group>";
		};
		09E6E1BD29511BB8005827A6 /* Products */ = {
			isa = PBXGroup;
			children = (
				09E6E1BC29511BB8005827A6 /* Foody.app */,
			);
			name = Products;
			sourceTree = "<group>";
		};
		09E6E1BE29511BB8005827A6 /* Foody */ = {
			isa = PBXGroup;
			children = (
				712981A82966F6A1001DF165 /* GoogleService-Info.plist */,
				09E6E1D329511C33005827A6 /* Coordinator.swift */,
				09E6E1D529511CA4005827A6 /* Onboarding */,
				09E6E1ED2981CCA0005827A6 /* Home */,
				09E6E1EE2981CCB2005827A6 /* Detail */,
				09E6E1BF29511BB8005827A6 /* AppDelegate.swift */,
				09E6E1C129511BB8005827A6 /* SceneDelegate.swift */,
				09E6E1C829511BB9005827A6 /* Assets.xcassets */,
				09E6E1CA29511BB9005827A6 /* LaunchScreen.storyboard */,
				09E6E1CD29511BB9005827A6 /* Info.plist */,
				09E6E1DE2951204D005827A6 /* Extensions */,
			);
			path = Foody;
			sourceTree = "<group>";
		};
		09E6E1D529511CA4005827A6 /* Onboarding */ = {
			isa = PBXGroup;
			children = (
				09E6E1D629511CD9005827A6 /* FirstScreen */,
				09E6E1D729511CFA005827A6 /* SecondScreen */,
				09E6E1E12966BF1D005827A6 /* Login */,
				09E6E1E22966BF23005827A6 /* Register */,
			);
			path = Onboarding;
			sourceTree = "<group>";
		};
		09E6E1D629511CD9005827A6 /* FirstScreen */ = {
			isa = PBXGroup;
			children = (
				09E6E1C329511BB8005827A6 /* FirstViewController.swift */,
				09E6E1DC29511D84005827A6 /* FirstViewController.storyboard */,
			);
			path = FirstScreen;
			sourceTree = "<group>";
		};
		09E6E1D729511CFA005827A6 /* SecondScreen */ = {
			isa = PBXGroup;
			children = (
				09E6E1DA29511D66005827A6 /* SecondViewController.swift */,
				09E6E1D829511D4F005827A6 /* SecondViewController.storyboard */,
			);
			path = SecondScreen;
			sourceTree = "<group>";
		};
		09E6E1DE2951204D005827A6 /* Extensions */ = {
			isa = PBXGroup;
			children = (
				09E6E1DF29512068005827A6 /* ViewController.swift */,
				09E6E1EB2981CB16005827A6 /* String.swift */,
			);
			path = Extensions;
			sourceTree = "<group>";
		};
		09E6E1E12966BF1D005827A6 /* Login */ = {
			isa = PBXGroup;
			children = (
				09E6E1E32966BF91005827A6 /* LoginViewController.storyboard */,
				09E6E1E52966BFA2005827A6 /* LoginViewController.swift */,
			);
			path = Login;
			sourceTree = "<group>";
		};
		09E6E1E22966BF23005827A6 /* Register */ = {
			isa = PBXGroup;
			children = (
				3BC820692975BB6300AA77DA /* RegisterViewController.storyboard */,
				3BC820682975BB6300AA77DA /* RegisterViewController.swift */,
			);
			path = Register;
			sourceTree = "<group>";
		};
		09E6E1ED2981CCA0005827A6 /* Home */ = {
			isa = PBXGroup;
			children = (
				09E6E1EF2981CCD3005827A6 /* HomeViewController.storyboard */,
				09E6E1F12981CCE2005827A6 /* HomeViewController.swift */,
				3BAD300D2988110900B3C078 /* Category.swift */,
				3BAD300B298808AB00B3C078 /* CategoryCollectionViewCell.swift */,
			);
			path = Home;
			sourceTree = "<group>";
		};
		09E6E1EE2981CCB2005827A6 /* Detail */ = {
			isa = PBXGroup;
			children = (
				09E6E1F52981CD43005827A6 /* FoodDetailViewController.storyboard */,
				09E6E1F32981CD25005827A6 /* FoodDetailViewController.swift */,
			);
			path = Detail;
			sourceTree = "<group>";
		};
		28FCE982D4B41659FF2326D6 /* Pods */ = {
			isa = PBXGroup;
			children = (
				082F529A1FCB4C037FE66C73 /* Pods-Foody.debug.xcconfig */,
				B8651E8E463FB7B7FB5E5F5E /* Pods-Foody.release.xcconfig */,
			);
			path = Pods;
			sourceTree = "<group>";
		};
		637B143FB2FEA3B01339B408 /* Frameworks */ = {
			isa = PBXGroup;
			children = (
				BBB5AB84A874DFEF54A34C65 /* Pods_Foody.framework */,
			);
			name = Frameworks;
			sourceTree = "<group>";
		};
/* End PBXGroup section */

/* Begin PBXNativeTarget section */
		09E6E1BB29511BB8005827A6 /* Foody */ = {
			isa = PBXNativeTarget;
			buildConfigurationList = 09E6E1D029511BB9005827A6 /* Build configuration list for PBXNativeTarget "Foody" */;
			buildPhases = (
				434D05DFBB040CE8AA101416 /* [CP] Check Pods Manifest.lock */,
				09E6E1B829511BB8005827A6 /* Sources */,
				09E6E1B929511BB8005827A6 /* Frameworks */,
				09E6E1BA29511BB8005827A6 /* Resources */,
				D254BEA105070ED9DE3EC16B /* [CP] Embed Pods Frameworks */,
			);
			buildRules = (
			);
			dependencies = (
			);
			name = Foody;
			productName = Foody;
			productReference = 09E6E1BC29511BB8005827A6 /* Foody.app */;
			productType = "com.apple.product-type.application";
		};
/* End PBXNativeTarget section */

/* Begin PBXProject section */
		09E6E1B429511BB8005827A6 /* Project object */ = {
			isa = PBXProject;
			attributes = {
				BuildIndependentTargetsInParallel = 1;
				LastSwiftUpdateCheck = 1340;
				LastUpgradeCheck = 1340;
				TargetAttributes = {
					09E6E1BB29511BB8005827A6 = {
						CreatedOnToolsVersion = 13.4.1;
					};
				};
			};
			buildConfigurationList = 09E6E1B729511BB8005827A6 /* Build configuration list for PBXProject "Foody" */;
			compatibilityVersion = "Xcode 13.0";
			developmentRegion = en;
			hasScannedForEncodings = 0;
			knownRegions = (
				en,
				Base,
			);
			mainGroup = 09E6E1B329511BB8005827A6;
			productRefGroup = 09E6E1BD29511BB8005827A6 /* Products */;
			projectDirPath = "";
			projectRoot = "";
			targets = (
				09E6E1BB29511BB8005827A6 /* Foody */,
			);
		};
/* End PBXProject section */

/* Begin PBXResourcesBuildPhase section */
		09E6E1BA29511BB8005827A6 /* Resources */ = {
			isa = PBXResourcesBuildPhase;
			buildActionMask = 2147483647;
			files = (
				09E6E1DD29511D84005827A6 /* FirstViewController.storyboard in Resources */,
				09E6E1CC29511BB9005827A6 /* LaunchScreen.storyboard in Resources */,
				09E6E1E42966BF91005827A6 /* LoginViewController.storyboard in Resources */,
				3BC8206B2975BB6300AA77DA /* RegisterViewController.storyboard in Resources */,
				09E6E1F02981CCD3005827A6 /* HomeViewController.storyboard in Resources */,
				09E6E1F62981CD43005827A6 /* FoodDetailViewController.storyboard in Resources */,
				09E6E1D929511D4F005827A6 /* SecondViewController.storyboard in Resources */,
				09E6E1C929511BB9005827A6 /* Assets.xcassets in Resources */,
				712981A92966F6A1001DF165 /* GoogleService-Info.plist in Resources */,
			);
			runOnlyForDeploymentPostprocessing = 0;
		};
/* End PBXResourcesBuildPhase section */

/* Begin PBXShellScriptBuildPhase section */
		434D05DFBB040CE8AA101416 /* [CP] Check Pods Manifest.lock */ = {
			isa = PBXShellScriptBuildPhase;
			buildActionMask = 2147483647;
			files = (
			);
			inputFileListPaths = (
			);
			inputPaths = (
				"${PODS_PODFILE_DIR_PATH}/Podfile.lock",
				"${PODS_ROOT}/Manifest.lock",
			);
			name = "[CP] Check Pods Manifest.lock";
			outputFileListPaths = (
			);
			outputPaths = (
				"$(DERIVED_FILE_DIR)/Pods-Foody-checkManifestLockResult.txt",
			);
			runOnlyForDeploymentPostprocessing = 0;
			shellPath = /bin/sh;
			shellScript = "diff \"${PODS_PODFILE_DIR_PATH}/Podfile.lock\" \"${PODS_ROOT}/Manifest.lock\" > /dev/null\nif [ $? != 0 ] ; then\n    # print error to STDERR\n    echo \"error: The sandbox is not in sync with the Podfile.lock. Run 'pod install' or update your CocoaPods installation.\" >&2\n    exit 1\nfi\n# This output is used by Xcode 'outputs' to avoid re-running this script phase.\necho \"SUCCESS\" > \"${SCRIPT_OUTPUT_FILE_0}\"\n";
			showEnvVarsInLog = 0;
		};
		D254BEA105070ED9DE3EC16B /* [CP] Embed Pods Frameworks */ = {
			isa = PBXShellScriptBuildPhase;
			buildActionMask = 2147483647;
			files = (
			);
			inputFileListPaths = (
				"${PODS_ROOT}/Target Support Files/Pods-Foody/Pods-Foody-frameworks-${CONFIGURATION}-input-files.xcfilelist",
			);
			name = "[CP] Embed Pods Frameworks";
			outputFileListPaths = (
				"${PODS_ROOT}/Target Support Files/Pods-Foody/Pods-Foody-frameworks-${CONFIGURATION}-output-files.xcfilelist",
			);
			runOnlyForDeploymentPostprocessing = 0;
			shellPath = /bin/sh;
			shellScript = "\"${PODS_ROOT}/Target Support Files/Pods-Foody/Pods-Foody-frameworks.sh\"\n";
			showEnvVarsInLog = 0;
		};
/* End PBXShellScriptBuildPhase section */

/* Begin PBXSourcesBuildPhase section */
		09E6E1B829511BB8005827A6 /* Sources */ = {
			isa = PBXSourcesBuildPhase;
			buildActionMask = 2147483647;
			files = (
				09E6E1E62966BFA2005827A6 /* LoginViewController.swift in Sources */,
				09E6E1E029512068005827A6 /* ViewController.swift in Sources */,
				09E6E1F42981CD25005827A6 /* FoodDetailViewController.swift in Sources */,
				09E6E1D429511C33005827A6 /* Coordinator.swift in Sources */,
				3BAD300C298808AB00B3C078 /* CategoryCollectionViewCell.swift in Sources */,
				09E6E1EC2981CB16005827A6 /* String.swift in Sources */,
				3BC8206A2975BB6300AA77DA /* RegisterViewController.swift in Sources */,
				09E6E1F22981CCE2005827A6 /* HomeViewController.swift in Sources */,
				09E6E1C429511BB8005827A6 /* FirstViewController.swift in Sources */,
				3BAD300E2988110900B3C078 /* Category.swift in Sources */,
				09E6E1C029511BB8005827A6 /* AppDelegate.swift in Sources */,
				09E6E1DB29511D66005827A6 /* SecondViewController.swift in Sources */,
				09E6E1C229511BB8005827A6 /* SceneDelegate.swift in Sources */,
			);
			runOnlyForDeploymentPostprocessing = 0;
		};
/* End PBXSourcesBuildPhase section */

/* Begin PBXVariantGroup section */
		09E6E1CA29511BB9005827A6 /* LaunchScreen.storyboard */ = {
			isa = PBXVariantGroup;
			children = (
				09E6E1CB29511BB9005827A6 /* Base */,
			);
			name = LaunchScreen.storyboard;
			sourceTree = "<group>";
		};
/* End PBXVariantGroup section */

/* Begin XCBuildConfiguration section */
		09E6E1CE29511BB9005827A6 /* Debug */ = {
			isa = XCBuildConfiguration;
			buildSettings = {
				ALWAYS_SEARCH_USER_PATHS = NO;
				CLANG_ANALYZER_NONNULL = YES;
				CLANG_ANALYZER_NUMBER_OBJECT_CONVERSION = YES_AGGRESSIVE;
				CLANG_CXX_LANGUAGE_STANDARD = "gnu++17";
				CLANG_ENABLE_MODULES = YES;
				CLANG_ENABLE_OBJC_ARC = YES;
				CLANG_ENABLE_OBJC_WEAK = YES;
				CLANG_WARN_BLOCK_CAPTURE_AUTORELEASING = YES;
				CLANG_WARN_BOOL_CONVERSION = YES;
				CLANG_WARN_COMMA = YES;
				CLANG_WARN_CONSTANT_CONVERSION = YES;
				CLANG_WARN_DEPRECATED_OBJC_IMPLEMENTATIONS = YES;
				CLANG_WARN_DIRECT_OBJC_ISA_USAGE = YES_ERROR;
				CLANG_WARN_DOCUMENTATION_COMMENTS = YES;
				CLANG_WARN_EMPTY_BODY = YES;
				CLANG_WARN_ENUM_CONVERSION = YES;
				CLANG_WARN_INFINITE_RECURSION = YES;
				CLANG_WARN_INT_CONVERSION = YES;
				CLANG_WARN_NON_LITERAL_NULL_CONVERSION = YES;
				CLANG_WARN_OBJC_IMPLICIT_RETAIN_SELF = YES;
				CLANG_WARN_OBJC_LITERAL_CONVERSION = YES;
				CLANG_WARN_OBJC_ROOT_CLASS = YES_ERROR;
				CLANG_WARN_QUOTED_INCLUDE_IN_FRAMEWORK_HEADER = YES;
				CLANG_WARN_RANGE_LOOP_ANALYSIS = YES;
				CLANG_WARN_STRICT_PROTOTYPES = YES;
				CLANG_WARN_SUSPICIOUS_MOVE = YES;
				CLANG_WARN_UNGUARDED_AVAILABILITY = YES_AGGRESSIVE;
				CLANG_WARN_UNREACHABLE_CODE = YES;
				CLANG_WARN__DUPLICATE_METHOD_MATCH = YES;
				COPY_PHASE_STRIP = NO;
				DEBUG_INFORMATION_FORMAT = dwarf;
				ENABLE_STRICT_OBJC_MSGSEND = YES;
				ENABLE_TESTABILITY = YES;
				GCC_C_LANGUAGE_STANDARD = gnu11;
				GCC_DYNAMIC_NO_PIC = NO;
				GCC_NO_COMMON_BLOCKS = YES;
				GCC_OPTIMIZATION_LEVEL = 0;
				GCC_PREPROCESSOR_DEFINITIONS = (
					"DEBUG=1",
					"$(inherited)",
				);
				GCC_WARN_64_TO_32_BIT_CONVERSION = YES;
				GCC_WARN_ABOUT_RETURN_TYPE = YES_ERROR;
				GCC_WARN_UNDECLARED_SELECTOR = YES;
				GCC_WARN_UNINITIALIZED_AUTOS = YES_AGGRESSIVE;
				GCC_WARN_UNUSED_FUNCTION = YES;
				GCC_WARN_UNUSED_VARIABLE = YES;
				IPHONEOS_DEPLOYMENT_TARGET = 15.5;
				MTL_ENABLE_DEBUG_INFO = INCLUDE_SOURCE;
				MTL_FAST_MATH = YES;
				ONLY_ACTIVE_ARCH = YES;
				SDKROOT = iphoneos;
				SWIFT_ACTIVE_COMPILATION_CONDITIONS = DEBUG;
				SWIFT_OPTIMIZATION_LEVEL = "-Onone";
			};
			name = Debug;
		};
		09E6E1CF29511BB9005827A6 /* Release */ = {
			isa = XCBuildConfiguration;
			buildSettings = {
				ALWAYS_SEARCH_USER_PATHS = NO;
				CLANG_ANALYZER_NONNULL = YES;
				CLANG_ANALYZER_NUMBER_OBJECT_CONVERSION = YES_AGGRESSIVE;
				CLANG_CXX_LANGUAGE_STANDARD = "gnu++17";
				CLANG_ENABLE_MODULES = YES;
				CLANG_ENABLE_OBJC_ARC = YES;
				CLANG_ENABLE_OBJC_WEAK = YES;
				CLANG_WARN_BLOCK_CAPTURE_AUTORELEASING = YES;
				CLANG_WARN_BOOL_CONVERSION = YES;
				CLANG_WARN_COMMA = YES;
				CLANG_WARN_CONSTANT_CONVERSION = YES;
				CLANG_WARN_DEPRECATED_OBJC_IMPLEMENTATIONS = YES;
				CLANG_WARN_DIRECT_OBJC_ISA_USAGE = YES_ERROR;
				CLANG_WARN_DOCUMENTATION_COMMENTS = YES;
				CLANG_WARN_EMPTY_BODY = YES;
				CLANG_WARN_ENUM_CONVERSION = YES;
				CLANG_WARN_INFINITE_RECURSION = YES;
				CLANG_WARN_INT_CONVERSION = YES;
				CLANG_WARN_NON_LITERAL_NULL_CONVERSION = YES;
				CLANG_WARN_OBJC_IMPLICIT_RETAIN_SELF = YES;
				CLANG_WARN_OBJC_LITERAL_CONVERSION = YES;
				CLANG_WARN_OBJC_ROOT_CLASS = YES_ERROR;
				CLANG_WARN_QUOTED_INCLUDE_IN_FRAMEWORK_HEADER = YES;
				CLANG_WARN_RANGE_LOOP_ANALYSIS = YES;
				CLANG_WARN_STRICT_PROTOTYPES = YES;
				CLANG_WARN_SUSPICIOUS_MOVE = YES;
				CLANG_WARN_UNGUARDED_AVAILABILITY = YES_AGGRESSIVE;
				CLANG_WARN_UNREACHABLE_CODE = YES;
				CLANG_WARN__DUPLICATE_METHOD_MATCH = YES;
				COPY_PHASE_STRIP = NO;
				DEBUG_INFORMATION_FORMAT = "dwarf-with-dsym";
				ENABLE_NS_ASSERTIONS = NO;
				ENABLE_STRICT_OBJC_MSGSEND = YES;
				GCC_C_LANGUAGE_STANDARD = gnu11;
				GCC_NO_COMMON_BLOCKS = YES;
				GCC_WARN_64_TO_32_BIT_CONVERSION = YES;
				GCC_WARN_ABOUT_RETURN_TYPE = YES_ERROR;
				GCC_WARN_UNDECLARED_SELECTOR = YES;
				GCC_WARN_UNINITIALIZED_AUTOS = YES_AGGRESSIVE;
				GCC_WARN_UNUSED_FUNCTION = YES;
				GCC_WARN_UNUSED_VARIABLE = YES;
				IPHONEOS_DEPLOYMENT_TARGET = 15.5;
				MTL_ENABLE_DEBUG_INFO = NO;
				MTL_FAST_MATH = YES;
				SDKROOT = iphoneos;
				SWIFT_COMPILATION_MODE = wholemodule;
				SWIFT_OPTIMIZATION_LEVEL = "-O";
				VALIDATE_PRODUCT = YES;
			};
			name = Release;
		};
		09E6E1D129511BB9005827A6 /* Debug */ = {
			isa = XCBuildConfiguration;
			baseConfigurationReference = 082F529A1FCB4C037FE66C73 /* Pods-Foody.debug.xcconfig */;
			buildSettings = {
				ASSETCATALOG_COMPILER_APPICON_NAME = AppIcon;
				ASSETCATALOG_COMPILER_GLOBAL_ACCENT_COLOR_NAME = AccentColor;
				CODE_SIGN_STYLE = Automatic;
				CURRENT_PROJECT_VERSION = 1;
				DEVELOPMENT_TEAM = "";
				GENERATE_INFOPLIST_FILE = YES;
				INFOPLIST_FILE = Foody/Info.plist;
				INFOPLIST_KEY_UIApplicationSupportsIndirectInputEvents = YES;
				INFOPLIST_KEY_UILaunchStoryboardName = LaunchScreen;
				INFOPLIST_KEY_UISupportedInterfaceOrientations_iPad = "UIInterfaceOrientationPortrait UIInterfaceOrientationPortraitUpsideDown UIInterfaceOrientationLandscapeLeft UIInterfaceOrientationLandscapeRight";
				INFOPLIST_KEY_UISupportedInterfaceOrientations_iPhone = "UIInterfaceOrientationPortrait UIInterfaceOrientationLandscapeLeft UIInterfaceOrientationLandscapeRight";
				IPHONEOS_DEPLOYMENT_TARGET = 14.0;
				LD_RUNPATH_SEARCH_PATHS = (
					"$(inherited)",
					"@executable_path/Frameworks",
				);
				MARKETING_VERSION = 1.0;
				PRODUCT_BUNDLE_IDENTIFIER = com.gokce.Foody;
				PRODUCT_NAME = "$(TARGET_NAME)";
				SWIFT_EMIT_LOC_STRINGS = YES;
				SWIFT_VERSION = 5.0;
				TARGETED_DEVICE_FAMILY = 1;
			};
			name = Debug;
		};
		09E6E1D229511BB9005827A6 /* Release */ = {
			isa = XCBuildConfiguration;
			baseConfigurationReference = B8651E8E463FB7B7FB5E5F5E /* Pods-Foody.release.xcconfig */;
			buildSettings = {
				ASSETCATALOG_COMPILER_APPICON_NAME = AppIcon;
				ASSETCATALOG_COMPILER_GLOBAL_ACCENT_COLOR_NAME = AccentColor;
				CODE_SIGN_STYLE = Automatic;
				CURRENT_PROJECT_VERSION = 1;
				DEVELOPMENT_TEAM = "";
				GENERATE_INFOPLIST_FILE = YES;
				INFOPLIST_FILE = Foody/Info.plist;
				INFOPLIST_KEY_UIApplicationSupportsIndirectInputEvents = YES;
				INFOPLIST_KEY_UILaunchStoryboardName = LaunchScreen;
				INFOPLIST_KEY_UISupportedInterfaceOrientations_iPad = "UIInterfaceOrientationPortrait UIInterfaceOrientationPortraitUpsideDown UIInterfaceOrientationLandscapeLeft UIInterfaceOrientationLandscapeRight";
				INFOPLIST_KEY_UISupportedInterfaceOrientations_iPhone = "UIInterfaceOrientationPortrait UIInterfaceOrientationLandscapeLeft UIInterfaceOrientationLandscapeRight";
				IPHONEOS_DEPLOYMENT_TARGET = 14.0;
				LD_RUNPATH_SEARCH_PATHS = (
					"$(inherited)",
					"@executable_path/Frameworks",
				);
				MARKETING_VERSION = 1.0;
				PRODUCT_BUNDLE_IDENTIFIER = com.gokce.Foody;
				PRODUCT_NAME = "$(TARGET_NAME)";
				SWIFT_EMIT_LOC_STRINGS = YES;
				SWIFT_VERSION = 5.0;
				TARGETED_DEVICE_FAMILY = 1;
			};
			name = Release;
		};
/* End XCBuildConfiguration section */

/* Begin XCConfigurationList section */
		09E6E1B729511BB8005827A6 /* Build configuration list for PBXProject "Foody" */ = {
			isa = XCConfigurationList;
			buildConfigurations = (
				09E6E1CE29511BB9005827A6 /* Debug */,
				09E6E1CF29511BB9005827A6 /* Release */,
			);
			defaultConfigurationIsVisible = 0;
			defaultConfigurationName = Release;
		};
		09E6E1D029511BB9005827A6 /* Build configuration list for PBXNativeTarget "Foody" */ = {
			isa = XCConfigurationList;
			buildConfigurations = (
				09E6E1D129511BB9005827A6 /* Debug */,
				09E6E1D229511BB9005827A6 /* Release */,
			);
			defaultConfigurationIsVisible = 0;
			defaultConfigurationName = Release;
		};
/* End XCConfigurationList section */
	};
	rootObject = 09E6E1B429511BB8005827A6 /* Project object */;
}
